{
  "version": 4,
  "terraform_version": "0.12.28",
  "serial": 6,
  "lineage": "e7d8b81c-a110-d3fd-a88b-d99c52ccb556",
  "outputs": {},
  "resources": [
    {
      "mode": "data",
      "type": "template_file",
      "name": "network_config",
      "provider": "provider.template",
      "instances": [
        {
          "schema_version": 0,
          "attributes": {
            "filename": null,
            "id": "45060fb82c851c094ca12026cae1596c7d19a3adeff06d997b1d4296552b7e3c",
            "rendered": "version: 2\nethernets:\n  ens3:\n    dhcp4: false\n    addresses:\n      - 10.100.100.10/24\n    gateway4: 10.100.100.1\n    nameservers:\n      addresses: [10.100.100.1,8.8.8.8]\n",
            "template": "version: 2\nethernets:\n  ens3:\n    dhcp4: false\n    addresses:\n      - 10.100.100.10/24\n    gateway4: 10.100.100.1\n    nameservers:\n      addresses: [10.100.100.1,8.8.8.8]\n",
            "vars": null
          }
        }
      ]
    },
    {
      "mode": "data",
      "type": "template_file",
      "name": "user_data",
      "provider": "provider.template",
      "instances": [
        {
          "schema_version": 0,
          "attributes": {
            "filename": null,
            "id": "1557071c5749f5af0c3b7e3ed166ac0a6ef97da8490cff152e217b4845c5e9ad",
            "rendered": "#cloud-config\nhostname: ubuntu-node0\nusers:\n - name: prasta\n   sudo: ['ALL=(ALL) NOPASSWD:ALL']\n   groups: users, admin\n   home: /home/prasta\n   shell: /bin/bash\n   ssh_authorized_keys:\n     - ssh-rsa AAAAB3NzaC1yc2EAAAADAQABAAABgQDC2yXUVsUKe+CkpUzV1XpGSUP9Ya7lB/vziTqU+EC0fc9GIPBB7DebSmubkBE3pfM4rL+T9pB7TZl/AaUi2CN6VG7awD56Zkjiozh5x0Pmyn6ov/leDOOZCXNjezDN4jCx/fo+3ZNb9OPm5lz0vCgx+aOakxyF/Z+reMzfldSVPM5OK9PeKgUCKvjqRGGPGpnotsZRDbhGDAIjUg2OdvqWiSPTEetxjDo6JGfpF24ZlXQCrgwLn8Al1SZHPiPP5ldvj7B5eGSdhVXX6BgF3ZnJeClfuEH0Xx89+oJS9wioqkDq3hp8N5IaCcWG6nR1tWfT7eDtBmyaAZZ3FsCANQj8omLttT+06rbQDSlsLx2a8A7O4+19SJBaFUqfkTB1gs+nNA1ApQhkxLMFyEUzLeViRvQg+DQTDqJToAJ4wnM55b7tPX3FckNiuKPnfA1Us1LsgnTypoYko2I2L8Z3O59PjjutoOVZ9RXqaMJAwTOniX6PKcUivz5DnYDR8BZfqW0= prasta@prazPc\n   \n# enable ssh\nssh_pwauth: true\ndisable_root: false\n\n# ch pass\nchpasswd:\n  list: |\n     prasta: prasta\n  expire: false\n\n# update\npackage_update: true\n\n# write hostname\nwrite_files:\n  - path: /etc/cloud/cloud.cfg.d/99_hostname.cfg\n    permissions: '0644'\n    content: |\n      preserve_hostname: true\n",
            "template": "#cloud-config\nhostname: ubuntu-node0\nusers:\n - name: prasta\n   sudo: ['ALL=(ALL) NOPASSWD:ALL']\n   groups: users, admin\n   home: /home/prasta\n   shell: /bin/bash\n   ssh_authorized_keys:\n     - ssh-rsa AAAAB3NzaC1yc2EAAAADAQABAAABgQDC2yXUVsUKe+CkpUzV1XpGSUP9Ya7lB/vziTqU+EC0fc9GIPBB7DebSmubkBE3pfM4rL+T9pB7TZl/AaUi2CN6VG7awD56Zkjiozh5x0Pmyn6ov/leDOOZCXNjezDN4jCx/fo+3ZNb9OPm5lz0vCgx+aOakxyF/Z+reMzfldSVPM5OK9PeKgUCKvjqRGGPGpnotsZRDbhGDAIjUg2OdvqWiSPTEetxjDo6JGfpF24ZlXQCrgwLn8Al1SZHPiPP5ldvj7B5eGSdhVXX6BgF3ZnJeClfuEH0Xx89+oJS9wioqkDq3hp8N5IaCcWG6nR1tWfT7eDtBmyaAZZ3FsCANQj8omLttT+06rbQDSlsLx2a8A7O4+19SJBaFUqfkTB1gs+nNA1ApQhkxLMFyEUzLeViRvQg+DQTDqJToAJ4wnM55b7tPX3FckNiuKPnfA1Us1LsgnTypoYko2I2L8Z3O59PjjutoOVZ9RXqaMJAwTOniX6PKcUivz5DnYDR8BZfqW0= prasta@prazPc\n   \n# enable ssh\nssh_pwauth: true\ndisable_root: false\n\n# ch pass\nchpasswd:\n  list: |\n     prasta: prasta\n  expire: false\n\n# update\npackage_update: true\n\n# write hostname\nwrite_files:\n  - path: /etc/cloud/cloud.cfg.d/99_hostname.cfg\n    permissions: '0644'\n    content: |\n      preserve_hostname: true\n",
            "vars": null
          }
        }
      ]
    },
    {
      "mode": "managed",
      "type": "libvirt_cloudinit_disk",
      "name": "ubuntu-node0-cloudinit",
      "provider": "provider.libvirt",
      "instances": [
        {
          "schema_version": 0,
          "attributes": {
            "id": "./pool/ubuntu-node0/ubuntu-node0-cloudinit.iso;5f1ce776-ac47-e6e9-87e2-ff9b906dca1b",
            "meta_data": "",
            "name": "ubuntu-node0-cloudinit.iso",
            "network_config": "version: 2\nethernets:\n  ens3:\n    dhcp4: false\n    addresses:\n      - 10.100.100.10/24\n    gateway4: 10.100.100.1\n    nameservers:\n      addresses: [10.100.100.1,8.8.8.8]\n",
            "pool": "ubuntu-node0",
            "user_data": "#cloud-config\nhostname: ubuntu-node0\nusers:\n - name: prasta\n   sudo: ['ALL=(ALL) NOPASSWD:ALL']\n   groups: users, admin\n   home: /home/prasta\n   shell: /bin/bash\n   ssh_authorized_keys:\n     - ssh-rsa AAAAB3NzaC1yc2EAAAADAQABAAABgQDC2yXUVsUKe+CkpUzV1XpGSUP9Ya7lB/vziTqU+EC0fc9GIPBB7DebSmubkBE3pfM4rL+T9pB7TZl/AaUi2CN6VG7awD56Zkjiozh5x0Pmyn6ov/leDOOZCXNjezDN4jCx/fo+3ZNb9OPm5lz0vCgx+aOakxyF/Z+reMzfldSVPM5OK9PeKgUCKvjqRGGPGpnotsZRDbhGDAIjUg2OdvqWiSPTEetxjDo6JGfpF24ZlXQCrgwLn8Al1SZHPiPP5ldvj7B5eGSdhVXX6BgF3ZnJeClfuEH0Xx89+oJS9wioqkDq3hp8N5IaCcWG6nR1tWfT7eDtBmyaAZZ3FsCANQj8omLttT+06rbQDSlsLx2a8A7O4+19SJBaFUqfkTB1gs+nNA1ApQhkxLMFyEUzLeViRvQg+DQTDqJToAJ4wnM55b7tPX3FckNiuKPnfA1Us1LsgnTypoYko2I2L8Z3O59PjjutoOVZ9RXqaMJAwTOniX6PKcUivz5DnYDR8BZfqW0= prasta@prazPc\n   \n# enable ssh\nssh_pwauth: true\ndisable_root: false\n\n# ch pass\nchpasswd:\n  list: |\n     prasta: prasta\n  expire: false\n\n# update\npackage_update: true\n\n# write hostname\nwrite_files:\n  - path: /etc/cloud/cloud.cfg.d/99_hostname.cfg\n    permissions: '0644'\n    content: |\n      preserve_hostname: true\n"
          },
          "private": "bnVsbA==",
          "dependencies": [
            "libvirt_pool.ubuntu-node0"
          ]
        }
      ]
    },
    {
      "mode": "managed",
      "type": "libvirt_domain",
      "name": "ubuntu-node0",
      "provider": "provider.libvirt",
      "instances": [
        {
          "schema_version": 0,
          "attributes": {
            "arch": "x86_64",
            "autostart": false,
            "boot_device": [],
            "cloudinit": "./pool/ubuntu-node0/ubuntu-node0-cloudinit.iso;5f1ce776-ac47-e6e9-87e2-ff9b906dca1b",
            "cmdline": null,
            "console": [
              {
                "source_host": "127.0.0.1",
                "source_path": "",
                "source_service": "0",
                "target_port": "0",
                "target_type": "serial",
                "type": "pty"
              }
            ],
            "coreos_ignition": null,
            "cpu": {
              "mode": "host-passthrough"
            },
            "description": "",
            "disk": [
              {
                "block_device": "",
                "file": "",
                "scsi": false,
                "url": "",
                "volume_id": "./pool/ubuntu-node0/ubuntu-node0-vda.qcow2",
                "wwn": ""
              }
            ],
            "emulator": "/usr/bin/qemu-system-x86_64",
            "filesystem": [],
            "firmware": "",
            "fw_cfg_name": "opt/com.coreos/config",
            "graphics": [
              {
                "autoport": true,
                "listen_address": "127.0.0.1",
                "listen_type": "address",
                "type": "vnc"
              }
            ],
            "id": "a6adea8f-ec72-457b-a97e-cf08c134e879",
            "initrd": "",
            "kernel": "",
            "machine": "pc",
            "memory": 2048,
            "metadata": null,
            "name": "ubuntu-node0",
            "network_interface": [
              {
                "addresses": [],
                "bridge": "",
                "hostname": "ubuntu-node0",
                "mac": "52:54:00:D2:45:5D",
                "macvtap": "",
                "network_id": "3aebe09d-9515-4566-9dd4-353b09517446",
                "network_name": "net-10_100_100",
                "passthrough": "",
                "vepa": "",
                "wait_for_lease": false
              }
            ],
            "nvram": [],
            "qemu_agent": false,
            "running": true,
            "timeouts": null,
            "vcpu": 2,
            "video": [],
            "xml": []
          },
          "private": "eyJlMmJmYjczMC1lY2FhLTExZTYtOGY4OC0zNDM2M2JjN2M0YzAiOnsiY3JlYXRlIjozMDAwMDAwMDAwMDB9fQ==",
          "dependencies": [
            "libvirt_cloudinit_disk.ubuntu-node0-cloudinit",
            "libvirt_pool.ubuntu-node0",
            "libvirt_volume.ubuntu-node0-vda"
          ]
        }
      ]
    },
    {
      "mode": "managed",
      "type": "libvirt_network",
      "name": "net-10_100_100",
      "provider": "provider.libvirt",
      "instances": [
        {
          "schema_version": 0,
          "attributes": {
            "addresses": [
              "10.100.100.0/24"
            ],
            "autostart": false,
            "bridge": "virbr1",
            "dhcp": [],
            "dns": [],
            "domain": null,
            "id": "3aebe09d-9515-4566-9dd4-353b09517446",
            "mode": "nat",
            "mtu": null,
            "name": "net-10_100_100",
            "routes": [],
            "xml": []
          },
          "private": "bnVsbA=="
        }
      ]
    },
    {
      "mode": "managed",
      "type": "libvirt_pool",
      "name": "ubuntu-node0",
      "provider": "provider.libvirt",
      "instances": [
        {
          "schema_version": 0,
          "attributes": {
            "allocation": 75522592768,
            "available": null,
            "capacity": 227332108288,
            "id": "44d8e2d1-7100-4914-a82f-95c10aa64ad8",
            "name": "ubuntu-node0",
            "path": "./pool/ubuntu-node0",
            "type": "dir",
            "xml": []
          },
          "private": "bnVsbA=="
        }
      ]
    },
    {
      "mode": "managed",
      "type": "libvirt_volume",
      "name": "ubuntu-node0-vda",
      "provider": "provider.libvirt",
      "instances": [
        {
          "schema_version": 0,
          "attributes": {
            "base_volume_id": null,
            "base_volume_name": "bionic-server-cloudimg-amd64.img",
            "base_volume_pool": "images",
            "format": "qcow2",
            "id": "./pool/ubuntu-node0/ubuntu-node0-vda.qcow2",
            "name": "ubuntu-node0-vda.qcow2",
            "pool": "ubuntu-node0",
            "size": 10737418240,
            "source": null,
            "xml": []
          },
          "private": "bnVsbA==",
          "dependencies": [
            "libvirt_pool.ubuntu-node0"
          ]
        }
      ]
    }
  ]
}
